
Microsoft Visual Studio Solution File, Format Version 12.00
# Visual Studio Version 17
VisualStudioVersion = 17.10.34902.84
MinimumVisualStudioVersion = 10.0.40219.1
Project("{FAE04EC0-301F-11D3-BF4B-00C04F79EFBC}") = "CustomResize", "CustomResize\CustomResize.csproj", "{09298F2A-9521-44E5-8C95-FAE646DBC160}"
EndProject
Global
	GlobalSection(SolutionConfigurationPlatforms) = preSolution
		Debug|Any CPU = Debug|Any CPU
		Release|Any CPU = Release|Any CPU
	EndGlobalSection
	GlobalSection(ProjectConfigurationPlatforms) = postSolution
		{09298F2A-9521-44E5-8C95-FAE646DBC160}.Debug|Any CPU.ActiveCfg = Debug|Any CPU
		{09298F2A-9521-44E5-8C95-FAE646DBC160}.Debug|Any CPU.Build.0 = Debug|Any CPU
		{09298F2A-9521-44E5-8C95-FAE646DBC160}.Release|Any CPU.ActiveCfg = Release|Any CPU
		{09298F2A-9521-44E5-8C95-FAE646DBC160}.Release|Any CPU.Build.0 = Release|Any CPU
	EndGlobalSection
	GlobalSection(SolutionProperties) = preSolution
		HideSolutionNode = FALSE
	EndGlobalSection
	GlobalSection(ExtensibilityGlobals) = postSolution
		SolutionGuid = {9D15D43E-A482-4347-9B82-FF1953095582}
	EndGlobalSection
EndGlobal
