
Microsoft Visual Studio Solution File, Format Version 12.00
# Visual Studio Version 17
VisualStudioVersion = 17.10.34902.84
MinimumVisualStudioVersion = 10.0.40219.1
Project("{9A19103F-16F7-4668-BE54-9A1E7A4F7556}") = "IfElse", "IfElse\IfElse.csproj", "{E0086597-AC01-46F0-9483-935ADCDC1AF6}"
EndProject
Project("{FAE04EC0-301F-11D3-BF4B-00C04F79EFBC}") = "SwitchCase", "SwitchCase\SwitchCase.csproj", "{04D94622-56CB-435F-A793-7E301553500C}"
EndProject
Global
	GlobalSection(SolutionConfigurationPlatforms) = preSolution
		Debug|Any CPU = Debug|Any CPU
		Release|Any CPU = Release|Any CPU
	EndGlobalSection
	GlobalSection(ProjectConfigurationPlatforms) = postSolution
		{E0086597-AC01-46F0-9483-935ADCDC1AF6}.Debug|Any CPU.ActiveCfg = Debug|Any CPU
		{E0086597-AC01-46F0-9483-935ADCDC1AF6}.Debug|Any CPU.Build.0 = Debug|Any CPU
		{E0086597-AC01-46F0-9483-935ADCDC1AF6}.Release|Any CPU.ActiveCfg = Release|Any CPU
		{E0086597-AC01-46F0-9483-935ADCDC1AF6}.Release|Any CPU.Build.0 = Release|Any CPU
		{04D94622-56CB-435F-A793-7E301553500C}.Debug|Any CPU.ActiveCfg = Debug|Any CPU
		{04D94622-56CB-435F-A793-7E301553500C}.Debug|Any CPU.Build.0 = Debug|Any CPU
		{04D94622-56CB-435F-A793-7E301553500C}.Release|Any CPU.ActiveCfg = Release|Any CPU
		{04D94622-56CB-435F-A793-7E301553500C}.Release|Any CPU.Build.0 = Release|Any CPU
	EndGlobalSection
	GlobalSection(SolutionProperties) = preSolution
		HideSolutionNode = FALSE
	EndGlobalSection
	GlobalSection(ExtensibilityGlobals) = postSolution
		SolutionGuid = {9979D175-DA5C-4451-A68F-F658D80F544D}
	EndGlobalSection
EndGlobal
