
Microsoft Visual Studio Solution File, Format Version 12.00
# Visual Studio Version 17
VisualStudioVersion = 17.10.34902.84
MinimumVisualStudioVersion = 10.0.40219.1
Project("{FAE04EC0-301F-11D3-BF4B-00C04F79EFBC}") = "Constructur_", "Constructur_\Constructur_.csproj", "{675DBCDA-4657-4544-BF96-EA1BC83D204B}"
EndProject
Global
	GlobalSection(SolutionConfigurationPlatforms) = preSolution
		Debug|Any CPU = Debug|Any CPU
		Release|Any CPU = Release|Any CPU
	EndGlobalSection
	GlobalSection(ProjectConfigurationPlatforms) = postSolution
		{675DBCDA-4657-4544-BF96-EA1BC83D204B}.Debug|Any CPU.ActiveCfg = Debug|Any CPU
		{675DBCDA-4657-4544-BF96-EA1BC83D204B}.Debug|Any CPU.Build.0 = Debug|Any CPU
		{675DBCDA-4657-4544-BF96-EA1BC83D204B}.Release|Any CPU.ActiveCfg = Release|Any CPU
		{675DBCDA-4657-4544-BF96-EA1BC83D204B}.Release|Any CPU.Build.0 = Release|Any CPU
	EndGlobalSection
	GlobalSection(SolutionProperties) = preSolution
		HideSolutionNode = FALSE
	EndGlobalSection
	GlobalSection(ExtensibilityGlobals) = postSolution
		SolutionGuid = {6C70D0AD-659C-404A-B62E-B38C8524D883}
	EndGlobalSection
EndGlobal
