
Microsoft Visual Studio Solution File, Format Version 12.00
# Visual Studio Version 17
VisualStudioVersion = 17.10.34902.84
MinimumVisualStudioVersion = 10.0.40219.1
Project("{FAE04EC0-301F-11D3-BF4B-00C04F79EFBC}") = "Single R", "Single R\Single R.csproj", "{4CB3ADF3-F8E1-4DC0-BB8D-4E88B94E1EBE}"
EndProject
Global
	GlobalSection(SolutionConfigurationPlatforms) = preSolution
		Debug|Any CPU = Debug|Any CPU
		Release|Any CPU = Release|Any CPU
	EndGlobalSection
	GlobalSection(ProjectConfigurationPlatforms) = postSolution
		{4CB3ADF3-F8E1-4DC0-BB8D-4E88B94E1EBE}.Debug|Any CPU.ActiveCfg = Debug|Any CPU
		{4CB3ADF3-F8E1-4DC0-BB8D-4E88B94E1EBE}.Debug|Any CPU.Build.0 = Debug|Any CPU
		{4CB3ADF3-F8E1-4DC0-BB8D-4E88B94E1EBE}.Release|Any CPU.ActiveCfg = Release|Any CPU
		{4CB3ADF3-F8E1-4DC0-BB8D-4E88B94E1EBE}.Release|Any CPU.Build.0 = Release|Any CPU
	EndGlobalSection
	GlobalSection(SolutionProperties) = preSolution
		HideSolutionNode = FALSE
	EndGlobalSection
	GlobalSection(ExtensibilityGlobals) = postSolution
		SolutionGuid = {D8BD1C85-538D-4665-8914-534C6C564353}
	EndGlobalSection
EndGlobal
