
Microsoft Visual Studio Solution File, Format Version 12.00
# Visual Studio Version 17
VisualStudioVersion = 17.10.34902.84
MinimumVisualStudioVersion = 10.0.40219.1
Project("{FAE04EC0-301F-11D3-BF4B-00C04F79EFBC}") = "Task12072024", "Task12072024\Task12072024.csproj", "{FC23AE6E-764F-4028-AC2E-74019AD87CAB}"
EndProject
Global
	GlobalSection(SolutionConfigurationPlatforms) = preSolution
		Debug|Any CPU = Debug|Any CPU
		Release|Any CPU = Release|Any CPU
	EndGlobalSection
	GlobalSection(ProjectConfigurationPlatforms) = postSolution
		{FC23AE6E-764F-4028-AC2E-74019AD87CAB}.Debug|Any CPU.ActiveCfg = Debug|Any CPU
		{FC23AE6E-764F-4028-AC2E-74019AD87CAB}.Debug|Any CPU.Build.0 = Debug|Any CPU
		{FC23AE6E-764F-4028-AC2E-74019AD87CAB}.Release|Any CPU.ActiveCfg = Release|Any CPU
		{FC23AE6E-764F-4028-AC2E-74019AD87CAB}.Release|Any CPU.Build.0 = Release|Any CPU
	EndGlobalSection
	GlobalSection(SolutionProperties) = preSolution
		HideSolutionNode = FALSE
	EndGlobalSection
	GlobalSection(ExtensibilityGlobals) = postSolution
		SolutionGuid = {A09F96F1-2701-4D9E-A8A9-88F404328500}
	EndGlobalSection
EndGlobal
